
Microsoft Visual Studio Solution File, Format Version 12.00
# Visual Studio Version 17
VisualStudioVersion = 17.14.36202.13
MinimumVisualStudioVersion = 10.0.40219.1
Project("{FAE04EC0-301F-11D3-BF4B-00C04F79EFBC}") = "Api", "Api\Api.csproj", "{3AB97A05-5D7F-4D7A-A413-E3B2D72A03FC}"
EndProject
Project("{FAE04EC0-301F-11D3-BF4B-00C04F79EFBC}") = "Api.Test", "Api.Test\Api.Test.csproj", "{0A53F0CE-EE99-47A6-9A08-2CBB6FA2D5B2}"
EndProject
Global
	GlobalSection(SolutionConfigurationPlatforms) = preSolution
		Debug|Any CPU = Debug|Any CPU
		Release|Any CPU = Release|Any CPU
	EndGlobalSection
	GlobalSection(ProjectConfigurationPlatforms) = postSolution
		{3AB97A05-5D7F-4D7A-A413-E3B2D72A03FC}.Debug|Any CPU.ActiveCfg = Debug|Any CPU
		{3AB97A05-5D7F-4D7A-A413-E3B2D72A03FC}.Debug|Any CPU.Build.0 = Debug|Any CPU
		{3AB97A05-5D7F-4D7A-A413-E3B2D72A03FC}.Release|Any CPU.ActiveCfg = Release|Any CPU
		{3AB97A05-5D7F-4D7A-A413-E3B2D72A03FC}.Release|Any CPU.Build.0 = Release|Any CPU
		{0A53F0CE-EE99-47A6-9A08-2CBB6FA2D5B2}.Debug|Any CPU.ActiveCfg = Debug|Any CPU
		{0A53F0CE-EE99-47A6-9A08-2CBB6FA2D5B2}.Debug|Any CPU.Build.0 = Debug|Any CPU
		{0A53F0CE-EE99-47A6-9A08-2CBB6FA2D5B2}.Release|Any CPU.ActiveCfg = Release|Any CPU
		{0A53F0CE-EE99-47A6-9A08-2CBB6FA2D5B2}.Release|Any CPU.Build.0 = Release|Any CPU
	EndGlobalSection
	GlobalSection(SolutionProperties) = preSolution
		HideSolutionNode = FALSE
	EndGlobalSection
	GlobalSection(ExtensibilityGlobals) = postSolution
		SolutionGuid = {F3CBAEB6-A704-4408-8142-B624E98541C1}
	EndGlobalSection
EndGlobal
